// !$*UTF8*$!
{
	archiveVersion = 1;
	classes = {
	};
	objectVersion = 77;
	objects = {

/* Begin PBXBuildFile section */
		B3E53B102F8A000100000001 /* Sparkle in Frameworks */ = {isa = PBXBuildFile; productRef = B3E53B102F8A000100000002 /* Sparkle */; };
/* End PBXBuildFile section */

/* Begin PBXContainerItemProxy section */
		7A6282B12F7AF9D4007CEAA5 /* PBXContainerItemProxy */ = {
			isa = PBXContainerItemProxy;
			containerPortal = 7A62829A2F7AF9D3007CEAA5 /* Project object */;
			proxyType = 1;
			remoteGlobalIDString = 7A6282A12F7AF9D3007CEAA5;
			remoteInfo = KeyGlass;
		};
		7A6282BB2F7AF9D4007CEAA5 /* PBXContainerItemProxy */ = {
			isa = PBXContainerItemProxy;
			containerPortal = 7A62829A2F7AF9D3007CEAA5 /* Project object */;
			proxyType = 1;
			remoteGlobalIDString = 7A6282A12F7AF9D3007CEAA5;
			remoteInfo = KeyGlass;
		};
/* End PBXContainerItemProxy section */

/* Begin PBXFileReference section */
		7A6282A22F7AF9D3007CEAA5 /* KeyGlass.app */ = {isa = PBXFileReference; explicitFileType = wrapper.application; includeInIndex = 0; path = KeyGlass.app; sourceTree = BUILT_PRODUCTS_DIR; };
		7A6282B02F7AF9D4007CEAA5 /* KeyGlassTests.xctest */ = {isa = PBXFileReference; explicitFileType = wrapper.cfbundle; includeInIndex = 0; path = KeyGlassTests.xctest; sourceTree = BUILT_PRODUCTS_DIR; };
		7A6282BA2F7AF9D4007CEAA5 /* KeyGlassUITests.xctest */ = {isa = PBXFileReference; explicitFileType = wrapper.cfbundle; includeInIndex = 0; path = KeyGlassUITests.xctest; sourceTree = BUILT_PRODUCTS_DIR; };
/* End PBXFileReference section */

/* Begin PBXFileSystemSynchronizedRootGroup section */
		7A6282A42F7AF9D3007CEAA5 /* KeyGlass */ = {
			isa = PBXFileSystemSynchronizedRootGroup;
			path = KeyGlass;
			sourceTree = "<group>";
		};
		7A6282B32F7AF9D4007CEAA5 /* KeyGlassTests */ = {
			isa = PBXFileSystemSynchronizedRootGroup;
			path = KeyGlassTests;
			sourceTree = "<group>";
		};
		7A6282BD2F7AF9D4007CEAA5 /* KeyGlassUITests */ = {
			isa = PBXFileSystemSynchronizedRootGroup;
			path = KeyGlassUITests;
			sourceTree = "<group>";
		};
/* End PBXFileSystemSynchronizedRootGroup section */

/* Begin PBXFrameworksBuildPhase section */
		7A62829F2F7AF9D3007CEAA5 /* Frameworks */ = {
			isa = PBXFrameworksBuildPhase;
			buildActionMask = 2147483647;
			files = (
				B3E53B102F8A000100000001 /* Sparkle in Frameworks */,
			);
			runOnlyForDeploymentPostprocessing = 0;
		};
		7A6282AD2F7AF9D4007CEAA5 /* Frameworks */ = {
			isa = PBXFrameworksBuildPhase;
			buildActionMask = 2147483647;
			files = (
			);
			runOnlyForDeploymentPostprocessing = 0;
		};
		7A6282B72F7AF9D4007CEAA5 /* Frameworks */ = {
			isa = PBXFrameworksBuildPhase;
			buildActionMask = 2147483647;
			files = (
			);
			runOnlyForDeploymentPostprocessing = 0;
		};
/* End PBXFrameworksBuildPhase section */

/* Begin PBXGroup section */
		7A6282992F7AF9D3007CEAA5 = {
			isa = PBXGroup;
			children = (
				7A6282A42F7AF9D3007CEAA5 /* KeyGlass */,
				7A6282B32F7AF9D4007CEAA5 /* KeyGlassTests */,
				7A6282BD2F7AF9D4007CEAA5 /* KeyGlassUITests */,
				7A6282A32F7AF9D3007CEAA5 /* Products */,
			);
			sourceTree = "<group>";
		};
		7A6282A32F7AF9D3007CEAA5 /* Products */ = {
			isa = PBXGroup;
			children = (
				7A6282A22F7AF9D3007CEAA5 /* KeyGlass.app */,
				7A6282B02F7AF9D4007CEAA5 /* KeyGlassTests.xctest */,
				7A6282BA2F7AF9D4007CEAA5 /* KeyGlassUITests.xctest */,
			);
			name = Products;
			sourceTree = "<group>";
		};
/* End PBXGroup section */

/* Begin PBXNativeTarget section */
		7A6282A12F7AF9D3007CEAA5 /* KeyGlass */ = {
			isa = PBXNativeTarget;
			buildConfigurationList = 7A6282C42F7AF9D4007CEAA5 /* Build configuration list for PBXNativeTarget "KeyGlass" */;
			buildPhases = (
				C41B9E4A2F8A100100000001 /* Generate BuildInfo */,
				7A62829E2F7AF9D3007CEAA5 /* Sources */,
				7A62829F2F7AF9D3007CEAA5 /* Frameworks */,
				7A6282A02F7AF9D3007CEAA5 /* Resources */,
				B3E53B102F8A000100000004 /* Configure Sparkle Info.plist */,
			);
			buildRules = (
			);
			dependencies = (
			);
			fileSystemSynchronizedGroups = (
				7A6282A42F7AF9D3007CEAA5 /* KeyGlass */,
			);
			name = KeyGlass;
			packageProductDependencies = (
				B3E53B102F8A000100000002 /* Sparkle */,
			);
			productName = KeyGlass;
			productReference = 7A6282A22F7AF9D3007CEAA5 /* KeyGlass.app */;
			productType = "com.apple.product-type.application";
		};
		7A6282AF2F7AF9D4007CEAA5 /* KeyGlassTests */ = {
			isa = PBXNativeTarget;
			buildConfigurationList = 7A6282C72F7AF9D4007CEAA5 /* Build configuration list for PBXNativeTarget "KeyGlassTests" */;
			buildPhases = (
				7A6282AC2F7AF9D4007CEAA5 /* Sources */,
				7A6282AD2F7AF9D4007CEAA5 /* Frameworks */,
				7A6282AE2F7AF9D4007CEAA5 /* Resources */,
			);
			buildRules = (
			);
			dependencies = (
				7A6282B22F7AF9D4007CEAA5 /* PBXTargetDependency */,
			);
			fileSystemSynchronizedGroups = (
				7A6282B32F7AF9D4007CEAA5 /* KeyGlassTests */,
			);
			name = KeyGlassTests;
			packageProductDependencies = (
			);
			productName = KeyGlassTests;
			productReference = 7A6282B02F7AF9D4007CEAA5 /* KeyGlassTests.xctest */;
			productType = "com.apple.product-type.bundle.unit-test";
		};
		7A6282B92F7AF9D4007CEAA5 /* KeyGlassUITests */ = {
			isa = PBXNativeTarget;
			buildConfigurationList = 7A6282CA2F7AF9D4007CEAA5 /* Build configuration list for PBXNativeTarget "KeyGlassUITests" */;
			buildPhases = (
				7A6282B62F7AF9D4007CEAA5 /* Sources */,
				7A6282B72F7AF9D4007CEAA5 /* Frameworks */,
				7A6282B82F7AF9D4007CEAA5 /* Resources */,
			);
			buildRules = (
			);
			dependencies = (
				7A6282BC2F7AF9D4007CEAA5 /* PBXTargetDependency */,
			);
			fileSystemSynchronizedGroups = (
				7A6282BD2F7AF9D4007CEAA5 /* KeyGlassUITests */,
			);
			name = KeyGlassUITests;
			packageProductDependencies = (
			);
			productName = KeyGlassUITests;
			productReference = 7A6282BA2F7AF9D4007CEAA5 /* KeyGlassUITests.xctest */;
			productType = "com.apple.product-type.bundle.ui-testing";
		};
/* End PBXNativeTarget section */

/* Begin PBXProject section */
		7A62829A2F7AF9D3007CEAA5 /* Project object */ = {
			isa = PBXProject;
			attributes = {
				BuildIndependentTargetsInParallel = 1;
				LastSwiftUpdateCheck = 1640;
				LastUpgradeCheck = 1640;
				TargetAttributes = {
					7A6282A12F7AF9D3007CEAA5 = {
						CreatedOnToolsVersion = 16.4;
					};
					7A6282AF2F7AF9D4007CEAA5 = {
						CreatedOnToolsVersion = 16.4;
						TestTargetID = 7A6282A12F7AF9D3007CEAA5;
					};
					7A6282B92F7AF9D4007CEAA5 = {
						CreatedOnToolsVersion = 16.4;
						TestTargetID = 7A6282A12F7AF9D3007CEAA5;
					};
				};
			};
			buildConfigurationList = 7A62829D2F7AF9D3007CEAA5 /* Build configuration list for PBXProject "KeyGlass" */;
			developmentRegion = en;
			hasScannedForEncodings = 0;
			knownRegions = (
				en,
				Base,
			);
			mainGroup = 7A6282992F7AF9D3007CEAA5;
			minimizedProjectReferenceProxies = 1;
			packageReferences = (
				B3E53B102F8A000100000003 /* XCRemoteSwiftPackageReference "Sparkle" */,
			);
			preferredProjectObjectVersion = 77;
			productRefGroup = 7A6282A32F7AF9D3007CEAA5 /* Products */;
			projectDirPath = "";
			projectRoot = "";
			targets = (
				7A6282A12F7AF9D3007CEAA5 /* KeyGlass */,
				7A6282AF2F7AF9D4007CEAA5 /* KeyGlassTests */,
				7A6282B92F7AF9D4007CEAA5 /* KeyGlassUITests */,
			);
		};
/* End PBXProject section */

/* Begin PBXResourcesBuildPhase section */
		7A6282A02F7AF9D3007CEAA5 /* Resources */ = {
			isa = PBXResourcesBuildPhase;
			buildActionMask = 2147483647;
			files = (
			);
			runOnlyForDeploymentPostprocessing = 0;
		};
		7A6282AE2F7AF9D4007CEAA5 /* Resources */ = {
			isa = PBXResourcesBuildPhase;
			buildActionMask = 2147483647;
			files = (
			);
			runOnlyForDeploymentPostprocessing = 0;
		};
		7A6282B82F7AF9D4007CEAA5 /* Resources */ = {
			isa = PBXResourcesBuildPhase;
			buildActionMask = 2147483647;
			files = (
			);
			runOnlyForDeploymentPostprocessing = 0;
		};
/* End PBXResourcesBuildPhase section */

/* Begin PBXShellScriptBuildPhase section */
		C41B9E4A2F8A100100000001 /* Generate BuildInfo */ = {
			isa = PBXShellScriptBuildPhase;
			alwaysOutOfDate = 1;
			buildActionMask = 2147483647;
			files = (
			);
			inputPaths = (
			);
			name = "Generate BuildInfo";
			outputPaths = (
				"$(SRCROOT)/KeyGlass/BuildInfo.generated.swift",
			);
			runOnlyForDeploymentPostprocessing = 0;
			shellPath = /bin/sh;
			shellScript = "GIT_HASH=$(git -C \"${SRCROOT}\" rev-parse --short HEAD 2>/dev/null || echo \"unknown\")\nGIT_HASH_FULL=$(git -C \"${SRCROOT}\" rev-parse HEAD 2>/dev/null || echo \"unknown\")\nGIT_TAG=$(git -C \"${SRCROOT}\" describe --tags --abbrev=0 2>/dev/null || echo \"0.0.0\")\nGIT_VERSION=${GIT_TAG#v}\nOUTPUT=\"${SRCROOT}/KeyGlass/BuildInfo.generated.swift\"\necho \"/// Auto-generated by Xcode Build Phase. Do not edit.\" > \"$OUTPUT\"\necho \"enum BuildInfo {\" >> \"$OUTPUT\"\necho \"    static let gitCommitHash = \\\"${GIT_HASH}\\\"\" >> \"$OUTPUT\"\necho \"    static let gitCommitHashFull = \\\"${GIT_HASH_FULL}\\\"\" >> \"$OUTPUT\"\necho \"    static let version = \\\"${GIT_VERSION}\\\"\" >> \"$OUTPUT\"\necho \"}\" >> \"$OUTPUT\"\n";
		};
		B3E53B102F8A000100000004 /* Configure Sparkle Info.plist */ = {
			isa = PBXShellScriptBuildPhase;
			alwaysOutOfDate = 1;
			buildActionMask = 2147483647;
			files = (
			);
			inputPaths = (
			);
			name = "Configure Sparkle Info.plist";
			outputPaths = (
			);
			runOnlyForDeploymentPostprocessing = 0;
			shellPath = /bin/sh;
			shellScript = "PLIST=\"${TARGET_BUILD_DIR}/${INFOPLIST_PATH}\"\nif [ -f \"$PLIST\" ]; then\n    /usr/libexec/PlistBuddy -c \"Add :SUFeedURL string https://mkusaka.github.io/KeyGlass/appcast.xml\" \"$PLIST\" 2>/dev/null || /usr/libexec/PlistBuddy -c \"Set :SUFeedURL https://mkusaka.github.io/KeyGlass/appcast.xml\" \"$PLIST\"\n    /usr/libexec/PlistBuddy -c \"Add :SUPublicEDKey string k3iDdoME7CuJwteINJWaU/qt/O9OF6AENSloZfmlhdo=\" \"$PLIST\" 2>/dev/null || /usr/libexec/PlistBuddy -c \"Set :SUPublicEDKey k3iDdoME7CuJwteINJWaU/qt/O9OF6AENSloZfmlhdo=\" \"$PLIST\"\nfi\n";
		};
/* End PBXShellScriptBuildPhase section */

/* Begin PBXSourcesBuildPhase section */
		7A62829E2F7AF9D3007CEAA5 /* Sources */ = {
			isa = PBXSourcesBuildPhase;
			buildActionMask = 2147483647;
			files = (
			);
			runOnlyForDeploymentPostprocessing = 0;
		};
		7A6282AC2F7AF9D4007CEAA5 /* Sources */ = {
			isa = PBXSourcesBuildPhase;
			buildActionMask = 2147483647;
			files = (
			);
			runOnlyForDeploymentPostprocessing = 0;
		};
		7A6282B62F7AF9D4007CEAA5 /* Sources */ = {
			isa = PBXSourcesBuildPhase;
			buildActionMask = 2147483647;
			files = (
			);
			runOnlyForDeploymentPostprocessing = 0;
		};
/* End PBXSourcesBuildPhase section */

/* Begin PBXTargetDependency section */
		7A6282B22F7AF9D4007CEAA5 /* PBXTargetDependency */ = {
			isa = PBXTargetDependency;
			target = 7A6282A12F7AF9D3007CEAA5 /* KeyGlass */;
			targetProxy = 7A6282B12F7AF9D4007CEAA5 /* PBXContainerItemProxy */;
		};
		7A6282BC2F7AF9D4007CEAA5 /* PBXTargetDependency */ = {
			isa = PBXTargetDependency;
			target = 7A6282A12F7AF9D3007CEAA5 /* KeyGlass */;
			targetProxy = 7A6282BB2F7AF9D4007CEAA5 /* PBXContainerItemProxy */;
		};
/* End PBXTargetDependency section */

/* Begin XCBuildConfiguration section */
		7A6282C22F7AF9D4007CEAA5 /* Debug */ = {
			isa = XCBuildConfiguration;
			buildSettings = {
				ALWAYS_SEARCH_USER_PATHS = NO;
				ASSETCATALOG_COMPILER_GENERATE_SWIFT_ASSET_SYMBOL_EXTENSIONS = YES;
				CLANG_ANALYZER_NONNULL = YES;
				CLANG_ANALYZER_NUMBER_OBJECT_CONVERSION = YES_AGGRESSIVE;
				CLANG_CXX_LANGUAGE_STANDARD = "gnu++20";
				CLANG_ENABLE_MODULES = YES;
				CLANG_ENABLE_OBJC_ARC = YES;
				CLANG_ENABLE_OBJC_WEAK = YES;
				CLANG_WARN_BLOCK_CAPTURE_AUTORELEASING = YES;
				CLANG_WARN_BOOL_CONVERSION = YES;
				CLANG_WARN_COMMA = YES;
				CLANG_WARN_CONSTANT_CONVERSION = YES;
				CLANG_WARN_DEPRECATED_OBJC_IMPLEMENTATIONS = YES;
				CLANG_WARN_DIRECT_OBJC_ISA_USAGE = YES_ERROR;
				CLANG_WARN_DOCUMENTATION_COMMENTS = YES;
				CLANG_WARN_EMPTY_BODY = YES;
				CLANG_WARN_ENUM_CONVERSION = YES;
				CLANG_WARN_INFINITE_RECURSION = YES;
				CLANG_WARN_INT_CONVERSION = YES;
				CLANG_WARN_NON_LITERAL_NULL_CONVERSION = YES;
				CLANG_WARN_OBJC_IMPLICIT_RETAIN_SELF = YES;
				CLANG_WARN_OBJC_LITERAL_CONVERSION = YES;
				CLANG_WARN_OBJC_ROOT_CLASS = YES_ERROR;
				CLANG_WARN_QUOTED_INCLUDE_IN_FRAMEWORK_HEADER = YES;
				CLANG_WARN_RANGE_LOOP_ANALYSIS = YES;
				CLANG_WARN_STRICT_PROTOTYPES = YES;
				CLANG_WARN_SUSPICIOUS_MOVE = YES;
				CLANG_WARN_UNGUARDED_AVAILABILITY = YES_AGGRESSIVE;
				CLANG_WARN_UNREACHABLE_CODE = YES;
				CLANG_WARN__DUPLICATE_METHOD_MATCH = YES;
				COPY_PHASE_STRIP = NO;
				DEBUG_INFORMATION_FORMAT = dwarf;
				ENABLE_STRICT_OBJC_MSGSEND = YES;
				ENABLE_TESTABILITY = YES;
				ENABLE_USER_SCRIPT_SANDBOXING = YES;
				GCC_C_LANGUAGE_STANDARD = gnu17;
				GCC_DYNAMIC_NO_PIC = NO;
				GCC_NO_COMMON_BLOCKS = YES;
				GCC_OPTIMIZATION_LEVEL = 0;
				GCC_PREPROCESSOR_DEFINITIONS = (
					"DEBUG=1",
					"$(inherited)",
				);
				GCC_WARN_64_TO_32_BIT_CONVERSION = YES;
				GCC_WARN_ABOUT_RETURN_TYPE = YES_ERROR;
				GCC_WARN_UNDECLARED_SELECTOR = YES;
				GCC_WARN_UNINITIALIZED_AUTOS = YES_AGGRESSIVE;
				GCC_WARN_UNUSED_FUNCTION = YES;
				GCC_WARN_UNUSED_VARIABLE = YES;
				LOCALIZATION_PREFERS_STRING_CATALOGS = YES;
				MACOSX_DEPLOYMENT_TARGET = 13.0;
				MTL_ENABLE_DEBUG_INFO = INCLUDE_SOURCE;
				MTL_FAST_MATH = YES;
				ONLY_ACTIVE_ARCH = YES;
				SDKROOT = macosx;
				SWIFT_ACTIVE_COMPILATION_CONDITIONS = "DEBUG $(inherited)";
				SWIFT_OPTIMIZATION_LEVEL = "-Onone";
			};
			name = Debug;
		};
		7A6282C32F7AF9D4007CEAA5 /* Release */ = {
			isa = XCBuildConfiguration;
			buildSettings = {
				ALWAYS_SEARCH_USER_PATHS = NO;
				ASSETCATALOG_COMPILER_GENERATE_SWIFT_ASSET_SYMBOL_EXTENSIONS = YES;
				CLANG_ANALYZER_NONNULL = YES;
				CLANG_ANALYZER_NUMBER_OBJECT_CONVERSION = YES_AGGRESSIVE;
				CLANG_CXX_LANGUAGE_STANDARD = "gnu++20";
				CLANG_ENABLE_MODULES = YES;
				CLANG_ENABLE_OBJC_ARC = YES;
				CLANG_ENABLE_OBJC_WEAK = YES;
				CLANG_WARN_BLOCK_CAPTURE_AUTORELEASING = YES;
				CLANG_WARN_BOOL_CONVERSION = YES;
				CLANG_WARN_COMMA = YES;
				CLANG_WARN_CONSTANT_CONVERSION = YES;
				CLANG_WARN_DEPRECATED_OBJC_IMPLEMENTATIONS = YES;
				CLANG_WARN_DIRECT_OBJC_ISA_USAGE = YES_ERROR;
				CLANG_WARN_DOCUMENTATION_COMMENTS = YES;
				CLANG_WARN_EMPTY_BODY = YES;
				CLANG_WARN_ENUM_CONVERSION = YES;
				CLANG_WARN_INFINITE_RECURSION = YES;
				CLANG_WARN_INT_CONVERSION = YES;
				CLANG_WARN_NON_LITERAL_NULL_CONVERSION = YES;
				CLANG_WARN_OBJC_IMPLICIT_RETAIN_SELF = YES;
				CLANG_WARN_OBJC_LITERAL_CONVERSION = YES;
				CLANG_WARN_OBJC_ROOT_CLASS = YES_ERROR;
				CLANG_WARN_QUOTED_INCLUDE_IN_FRAMEWORK_HEADER = YES;
				CLANG_WARN_RANGE_LOOP_ANALYSIS = YES;
				CLANG_WARN_STRICT_PROTOTYPES = YES;
				CLANG_WARN_SUSPICIOUS_MOVE = YES;
				CLANG_WARN_UNGUARDED_AVAILABILITY = YES_AGGRESSIVE;
				CLANG_WARN_UNREACHABLE_CODE = YES;
				CLANG_WARN__DUPLICATE_METHOD_MATCH = YES;
				COPY_PHASE_STRIP = NO;
				DEBUG_INFORMATION_FORMAT = "dwarf-with-dsym";
				ENABLE_NS_ASSERTIONS = NO;
				ENABLE_STRICT_OBJC_MSGSEND = YES;
				ENABLE_USER_SCRIPT_SANDBOXING = YES;
				GCC_C_LANGUAGE_STANDARD = gnu17;
				GCC_NO_COMMON_BLOCKS = YES;
				GCC_WARN_64_TO_32_BIT_CONVERSION = YES;
				GCC_WARN_ABOUT_RETURN_TYPE = YES_ERROR;
				GCC_WARN_UNDECLARED_SELECTOR = YES;
				GCC_WARN_UNINITIALIZED_AUTOS = YES_AGGRESSIVE;
				GCC_WARN_UNUSED_FUNCTION = YES;
				GCC_WARN_UNUSED_VARIABLE = YES;
				LOCALIZATION_PREFERS_STRING_CATALOGS = YES;
				MACOSX_DEPLOYMENT_TARGET = 13.0;
				MTL_ENABLE_DEBUG_INFO = NO;
				MTL_FAST_MATH = YES;
				SDKROOT = macosx;
				SWIFT_COMPILATION_MODE = wholemodule;
			};
			name = Release;
		};
		7A6282C52F7AF9D4007CEAA5 /* Debug */ = {
			isa = XCBuildConfiguration;
			buildSettings = {
				ASSETCATALOG_COMPILER_APPICON_NAME = AppIcon;
				ASSETCATALOG_COMPILER_GLOBAL_ACCENT_COLOR_NAME = AccentColor;
				CODE_SIGN_STYLE = Automatic;
				COMBINE_HIDPI_IMAGES = YES;
				CURRENT_PROJECT_VERSION = 1;
				ENABLE_USER_SCRIPT_SANDBOXING = NO;
				ENABLE_PREVIEWS = YES;
				GENERATE_INFOPLIST_FILE = YES;
				INFOPLIST_KEY_LSUIElement = "$(KEYGLASS_LSUIELEMENT)";
				INFOPLIST_KEY_NSHumanReadableCopyright = "";
				KEYGLASS_LSUIELEMENT = YES;
				LD_RUNPATH_SEARCH_PATHS = (
					"$(inherited)",
					"@executable_path/../Frameworks",
				);
				MARKETING_VERSION = 1.0;
				PRODUCT_BUNDLE_IDENTIFIER = com.mkusaka.KeyGlass;
				PRODUCT_NAME = "$(TARGET_NAME)";
				REGISTER_APP_GROUPS = YES;
				SWIFT_EMIT_LOC_STRINGS = YES;
				SWIFT_VERSION = 5.0;
			};
			name = Debug;
		};
		7A6282C62F7AF9D4007CEAA5 /* Release */ = {
			isa = XCBuildConfiguration;
			buildSettings = {
				ASSETCATALOG_COMPILER_APPICON_NAME = AppIcon;
				ASSETCATALOG_COMPILER_GLOBAL_ACCENT_COLOR_NAME = AccentColor;
				CODE_SIGN_STYLE = Automatic;
				COMBINE_HIDPI_IMAGES = YES;
				CURRENT_PROJECT_VERSION = 1;
				ENABLE_USER_SCRIPT_SANDBOXING = NO;
				ENABLE_PREVIEWS = YES;
				GENERATE_INFOPLIST_FILE = YES;
				INFOPLIST_KEY_LSUIElement = "$(KEYGLASS_LSUIELEMENT)";
				INFOPLIST_KEY_NSHumanReadableCopyright = "";
				KEYGLASS_LSUIELEMENT = YES;
				LD_RUNPATH_SEARCH_PATHS = (
					"$(inherited)",
					"@executable_path/../Frameworks",
				);
				MARKETING_VERSION = 1.0;
				PRODUCT_BUNDLE_IDENTIFIER = com.mkusaka.KeyGlass;
				PRODUCT_NAME = "$(TARGET_NAME)";
				REGISTER_APP_GROUPS = YES;
				SWIFT_EMIT_LOC_STRINGS = YES;
				SWIFT_VERSION = 5.0;
			};
			name = Release;
		};
		7A6282C82F7AF9D4007CEAA5 /* Debug */ = {
			isa = XCBuildConfiguration;
			buildSettings = {
				BUNDLE_LOADER = "$(TEST_HOST)";
				CODE_SIGN_STYLE = Automatic;
				CURRENT_PROJECT_VERSION = 1;
				GENERATE_INFOPLIST_FILE = YES;
				MACOSX_DEPLOYMENT_TARGET = 13.0;
				MARKETING_VERSION = 1.0;
				PRODUCT_BUNDLE_IDENTIFIER = com.mkusaka.KeyGlassTests;
				PRODUCT_NAME = "$(TARGET_NAME)";
				SWIFT_EMIT_LOC_STRINGS = NO;
				SWIFT_VERSION = 5.0;
				TEST_HOST = "$(BUILT_PRODUCTS_DIR)/KeyGlass.app/$(BUNDLE_EXECUTABLE_FOLDER_PATH)/KeyGlass";
			};
			name = Debug;
		};
		7A6282C92F7AF9D4007CEAA5 /* Release */ = {
			isa = XCBuildConfiguration;
			buildSettings = {
				BUNDLE_LOADER = "$(TEST_HOST)";
				CODE_SIGN_STYLE = Automatic;
				CURRENT_PROJECT_VERSION = 1;
				GENERATE_INFOPLIST_FILE = YES;
				MACOSX_DEPLOYMENT_TARGET = 13.0;
				MARKETING_VERSION = 1.0;
				PRODUCT_BUNDLE_IDENTIFIER = com.mkusaka.KeyGlassTests;
				PRODUCT_NAME = "$(TARGET_NAME)";
				SWIFT_EMIT_LOC_STRINGS = NO;
				SWIFT_VERSION = 5.0;
				TEST_HOST = "$(BUILT_PRODUCTS_DIR)/KeyGlass.app/$(BUNDLE_EXECUTABLE_FOLDER_PATH)/KeyGlass";
			};
			name = Release;
		};
		7A6282CB2F7AF9D4007CEAA5 /* Debug */ = {
			isa = XCBuildConfiguration;
			buildSettings = {
				CODE_SIGN_STYLE = Automatic;
				CURRENT_PROJECT_VERSION = 1;
				GENERATE_INFOPLIST_FILE = YES;
				MACOSX_DEPLOYMENT_TARGET = 13.0;
				MARKETING_VERSION = 1.0;
				PRODUCT_BUNDLE_IDENTIFIER = com.mkusaka.KeyGlassUITests;
				PRODUCT_NAME = "$(TARGET_NAME)";
				SWIFT_EMIT_LOC_STRINGS = NO;
				SWIFT_VERSION = 5.0;
				TEST_TARGET_NAME = KeyGlass;
			};
			name = Debug;
		};
		7A6282CC2F7AF9D4007CEAA5 /* Release */ = {
			isa = XCBuildConfiguration;
			buildSettings = {
				CODE_SIGN_STYLE = Automatic;
				CURRENT_PROJECT_VERSION = 1;
				GENERATE_INFOPLIST_FILE = YES;
				MACOSX_DEPLOYMENT_TARGET = 13.0;
				MARKETING_VERSION = 1.0;
				PRODUCT_BUNDLE_IDENTIFIER = com.mkusaka.KeyGlassUITests;
				PRODUCT_NAME = "$(TARGET_NAME)";
				SWIFT_EMIT_LOC_STRINGS = NO;
				SWIFT_VERSION = 5.0;
				TEST_TARGET_NAME = KeyGlass;
			};
			name = Release;
		};
/* End XCBuildConfiguration section */

/* Begin XCConfigurationList section */
		7A62829D2F7AF9D3007CEAA5 /* Build configuration list for PBXProject "KeyGlass" */ = {
			isa = XCConfigurationList;
			buildConfigurations = (
				7A6282C22F7AF9D4007CEAA5 /* Debug */,
				7A6282C32F7AF9D4007CEAA5 /* Release */,
			);
			defaultConfigurationIsVisible = 0;
			defaultConfigurationName = Release;
		};
		7A6282C42F7AF9D4007CEAA5 /* Build configuration list for PBXNativeTarget "KeyGlass" */ = {
			isa = XCConfigurationList;
			buildConfigurations = (
				7A6282C52F7AF9D4007CEAA5 /* Debug */,
				7A6282C62F7AF9D4007CEAA5 /* Release */,
			);
			defaultConfigurationIsVisible = 0;
			defaultConfigurationName = Release;
		};
		7A6282C72F7AF9D4007CEAA5 /* Build configuration list for PBXNativeTarget "KeyGlassTests" */ = {
			isa = XCConfigurationList;
			buildConfigurations = (
				7A6282C82F7AF9D4007CEAA5 /* Debug */,
				7A6282C92F7AF9D4007CEAA5 /* Release */,
			);
			defaultConfigurationIsVisible = 0;
			defaultConfigurationName = Release;
		};
		7A6282CA2F7AF9D4007CEAA5 /* Build configuration list for PBXNativeTarget "KeyGlassUITests" */ = {
			isa = XCConfigurationList;
			buildConfigurations = (
				7A6282CB2F7AF9D4007CEAA5 /* Debug */,
				7A6282CC2F7AF9D4007CEAA5 /* Release */,
			);
			defaultConfigurationIsVisible = 0;
			defaultConfigurationName = Release;
		};
/* End XCConfigurationList section */

/* Begin XCRemoteSwiftPackageReference section */
		B3E53B102F8A000100000003 /* XCRemoteSwiftPackageReference "Sparkle" */ = {
			isa = XCRemoteSwiftPackageReference;
			repositoryURL = "https://github.com/sparkle-project/Sparkle";
			requirement = {
				kind = upToNextMajorVersion;
				minimumVersion = 2.9.0;
			};
		};
/* End XCRemoteSwiftPackageReference section */

/* Begin XCSwiftPackageProductDependency section */
		B3E53B102F8A000100000002 /* Sparkle */ = {
			isa = XCSwiftPackageProductDependency;
			package = B3E53B102F8A000100000003 /* XCRemoteSwiftPackageReference "Sparkle" */;
			productName = Sparkle;
		};
/* End XCSwiftPackageProductDependency section */
	};
	rootObject = 7A62829A2F7AF9D3007CEAA5 /* Project object */;
}
